
Microsoft Visual Studio Solution File, Format Version 12.00
# Visual Studio Version 16
VisualStudioVersion = 16.0.29521.150
MinimumVisualStudioVersion = 10.0.40219.1
Project("{FAE04EC0-301F-11D3-BF4B-00C04F79EFBC}") = "TestChunkUpload.API", "TestChunkUpload.API\TestChunkUpload.API.csproj", "{5E6A2CA2-6877-439E-B92D-B3B8153E5A3B}"
EndProject
Project("{E24C65DC-7377-472B-9ABA-BC803B73C61A}") = "ngTestChunkUpload", "ngTestChunkUpload\", "{EA0501AC-ED15-4B53-B35E-0E8A8A330969}"
	ProjectSection(WebsiteProperties) = preProject
		TargetFrameworkMoniker = ".NETFramework,Version%3Dv4.0"
		Debug.AspNetCompiler.VirtualPath = "/localhost_57830"
		Debug.AspNetCompiler.PhysicalPath = "ngTestChunkUpload\"
		Debug.AspNetCompiler.TargetPath = "PrecompiledWeb\localhost_57830\"
		Debug.AspNetCompiler.Updateable = "true"
		Debug.AspNetCompiler.ForceOverwrite = "true"
		Debug.AspNetCompiler.FixedNames = "false"
		Debug.AspNetCompiler.Debug = "True"
		Release.AspNetCompiler.VirtualPath = "/localhost_57830"
		Release.AspNetCompiler.PhysicalPath = "ngTestChunkUpload\"
		Release.AspNetCompiler.TargetPath = "PrecompiledWeb\localhost_57830\"
		Release.AspNetCompiler.Updateable = "true"
		Release.AspNetCompiler.ForceOverwrite = "true"
		Release.AspNetCompiler.FixedNames = "false"
		Release.AspNetCompiler.Debug = "False"
		VWDPort = "57830"
	EndProjectSection
EndProject
Global
	GlobalSection(SolutionConfigurationPlatforms) = preSolution
		Debug|Any CPU = Debug|Any CPU
		Release|Any CPU = Release|Any CPU
	EndGlobalSection
	GlobalSection(ProjectConfigurationPlatforms) = postSolution
		{5E6A2CA2-6877-439E-B92D-B3B8153E5A3B}.Debug|Any CPU.ActiveCfg = Debug|Any CPU
		{5E6A2CA2-6877-439E-B92D-B3B8153E5A3B}.Debug|Any CPU.Build.0 = Debug|Any CPU
		{5E6A2CA2-6877-439E-B92D-B3B8153E5A3B}.Release|Any CPU.ActiveCfg = Release|Any CPU
		{5E6A2CA2-6877-439E-B92D-B3B8153E5A3B}.Release|Any CPU.Build.0 = Release|Any CPU
		{EA0501AC-ED15-4B53-B35E-0E8A8A330969}.Debug|Any CPU.ActiveCfg = Debug|Any CPU
		{EA0501AC-ED15-4B53-B35E-0E8A8A330969}.Debug|Any CPU.Build.0 = Debug|Any CPU
		{EA0501AC-ED15-4B53-B35E-0E8A8A330969}.Release|Any CPU.ActiveCfg = Debug|Any CPU
		{EA0501AC-ED15-4B53-B35E-0E8A8A330969}.Release|Any CPU.Build.0 = Debug|Any CPU
	EndGlobalSection
	GlobalSection(SolutionProperties) = preSolution
		HideSolutionNode = FALSE
	EndGlobalSection
	GlobalSection(ExtensibilityGlobals) = postSolution
		SolutionGuid = {CC30D0C4-6974-42FB-BB88-4B84915BE0D3}
	EndGlobalSection
EndGlobal
